// !$*UTF8*$!
{
	archiveVersion = 1;
	classes = {
	};
	objectVersion = 56;
	objects = {

/* Begin PBXBuildFile section */
		2B382F1029AEE55A001430D0 /* Upcoming Events.swift in Sources */ = {isa = PBXBuildFile; fileRef = 2B382F0F29AEE55A001430D0 /* Upcoming Events.swift */; };
		2B80F5782993666000B7E671 /* HomeScreen.swift in Sources */ = {isa = PBXBuildFile; fileRef = 2B80F5772993666000B7E671 /* HomeScreen.swift */; };
		2B82C67A29FBA4D60032E23B /* ViewController.swift in Sources */ = {isa = PBXBuildFile; fileRef = 2B82C67929FBA4D60032E23B /* ViewController.swift */; };
		2BD60E48298603E200349CB8 /* HHS_MAD_2023App.swift in Sources */ = {isa = PBXBuildFile; fileRef = 2BD60E47298603E200349CB8 /* HHS_MAD_2023App.swift */; };
		2BD60E4A298603E200349CB8 /* ContentView.swift in Sources */ = {isa = PBXBuildFile; fileRef = 2BD60E49298603E200349CB8 /* ContentView.swift */; };
		2BD60E4C298603E400349CB8 /* Assets.xcassets in Resources */ = {isa = PBXBuildFile; fileRef = 2BD60E4B298603E400349CB8 /* Assets.xcassets */; };
		2BD60E4F298603E400349CB8 /* Preview Assets.xcassets in Resources */ = {isa = PBXBuildFile; fileRef = 2BD60E4E298603E400349CB8 /* Preview Assets.xcassets */; };
		2BD60E59298603E400349CB8 /* HHS_MAD_2023Tests.swift in Sources */ = {isa = PBXBuildFile; fileRef = 2BD60E58298603E400349CB8 /* HHS_MAD_2023Tests.swift */; };
		2BD60E63298603E400349CB8 /* HHS_MAD_2023UITests.swift in Sources */ = {isa = PBXBuildFile; fileRef = 2BD60E62298603E400349CB8 /* HHS_MAD_2023UITests.swift */; };
		2BD60E65298603E400349CB8 /* HHS_MAD_2023UITestsLaunchTests.swift in Sources */ = {isa = PBXBuildFile; fileRef = 2BD60E64298603E400349CB8 /* HHS_MAD_2023UITestsLaunchTests.swift */; };
		2BD9618E29BD1168009C6AE0 /* ActivitesPage.swift in Sources */ = {isa = PBXBuildFile; fileRef = 2BD9618D29BD1168009C6AE0 /* ActivitesPage.swift */; };
		2BD9619029BD2221009C6AE0 /* MessagePage.swift in Sources */ = {isa = PBXBuildFile; fileRef = 2BD9618F29BD2221009C6AE0 /* MessagePage.swift */; };
		2BD9619D29BD5DBC009C6AE0 /* Messages.swift in Sources */ = {isa = PBXBuildFile; fileRef = 2BD9619C29BD5DBC009C6AE0 /* Messages.swift */; };
		2BD961A129BFBD07009C6AE0 /* CalendarPage.swift in Sources */ = {isa = PBXBuildFile; fileRef = 2BD961A029BFBD07009C6AE0 /* CalendarPage.swift */; };
		390AD9282A43718B003C2A35 /* Extensions.swift in Sources */ = {isa = PBXBuildFile; fileRef = 390AD9252A43718B003C2A35 /* Extensions.swift */; };
		390AD9292A43718B003C2A35 /* Message.swift in Sources */ = {isa = PBXBuildFile; fileRef = 390AD9262A43718B003C2A35 /* Message.swift */; };
		390AD92A2A43718B003C2A35 /* MessageField.swift in Sources */ = {isa = PBXBuildFile; fileRef = 390AD9272A43718B003C2A35 /* MessageField.swift */; };
		390AD92B2A43718B003C2A35 /* MessageBubble .swift in Sources */ = {isa = PBXBuildFile; fileRef = 390AD9242A43718A003C2A35 /* MessageBubble .swift */; };
		390AD92F2A437227003C2A35 /* TitleRow.swift in Sources */ = {isa = PBXBuildFile; fileRef = 390AD92E2A437227003C2A35 /* TitleRow.swift */; };
		390AD9312A4384BB003C2A35 /* GoogleService-Info.plist in Resources */ = {isa = PBXBuildFile; fileRef = 390AD9302A4384BB003C2A35 /* GoogleService-Info.plist */; };
		A6B08EDD29EF9A55006D3A63 /* FirebaseAnalytics in Frameworks */ = {isa = PBXBuildFile; productRef = A6B08EDC29EF9A55006D3A63 /* FirebaseAnalytics */; };
		A6D2235529ADC8C200B4B953 /* EventPage.swift in Sources */ = {isa = PBXBuildFile; fileRef = A6D2235429ADC8C200B4B953 /* EventPage.swift */; };
		A6E5E04729A7FB7F00B3E026 /* Day.swift in Sources */ = {isa = PBXBuildFile; fileRef = A6E5E04629A7FB7F00B3E026 /* Day.swift */; };
		BD141D9529BFA9E800885DD0 /* PhotoSharing.swift in Sources */ = {isa = PBXBuildFile; fileRef = BD141D9429BFA9E800885DD0 /* PhotoSharing.swift */; };
		BD434E5C29BE5867007F74EF /* Academics.swift in Sources */ = {isa = PBXBuildFile; fileRef = BD434E5B29BE5867007F74EF /* Academics.swift */; };
		BDC1607029FA15CD00AF6981 /* Activities.swift in Sources */ = {isa = PBXBuildFile; fileRef = BDC1606F29FA15CD00AF6981 /* Activities.swift */; };
/* End PBXBuildFile section */

/* Begin PBXContainerItemProxy section */
		2BD60E55298603E400349CB8 /* PBXContainerItemProxy */ = {
			isa = PBXContainerItemProxy;
			containerPortal = 2BD60E3C298603E200349CB8 /* Project object */;
			proxyType = 1;
			remoteGlobalIDString = 2BD60E43298603E200349CB8;
			remoteInfo = "HHS MAD 2023";
		};
		2BD60E5F298603E400349CB8 /* PBXContainerItemProxy */ = {
			isa = PBXContainerItemProxy;
			containerPortal = 2BD60E3C298603E200349CB8 /* Project object */;
			proxyType = 1;
			remoteGlobalIDString = 2BD60E43298603E200349CB8;
			remoteInfo = "HHS MAD 2023";
		};
/* End PBXContainerItemProxy section */

/* Begin PBXFileReference section */
		2B382F0F29AEE55A001430D0 /* Upcoming Events.swift */ = {isa = PBXFileReference; lastKnownFileType = sourcecode.swift; path = "Upcoming Events.swift"; sourceTree = "<group>"; };
		2B80F5772993666000B7E671 /* HomeScreen.swift */ = {isa = PBXFileReference; lastKnownFileType = sourcecode.swift; path = HomeScreen.swift; sourceTree = "<group>"; };
		2B82C67929FBA4D60032E23B /* ViewController.swift */ = {isa = PBXFileReference; lastKnownFileType = sourcecode.swift; path = ViewController.swift; sourceTree = "<group>"; };
		2BD60E44298603E200349CB8 /* HHS MAD 2023.app */ = {isa = PBXFileReference; explicitFileType = wrapper.application; includeInIndex = 0; path = "HHS MAD 2023.app"; sourceTree = BUILT_PRODUCTS_DIR; };
		2BD60E47298603E200349CB8 /* HHS_MAD_2023App.swift */ = {isa = PBXFileReference; lastKnownFileType = sourcecode.swift; path = HHS_MAD_2023App.swift; sourceTree = "<group>"; };
		2BD60E49298603E200349CB8 /* ContentView.swift */ = {isa = PBXFileReference; lastKnownFileType = sourcecode.swift; path = ContentView.swift; sourceTree = "<group>"; };
		2BD60E4B298603E400349CB8 /* Assets.xcassets */ = {isa = PBXFileReference; lastKnownFileType = folder.assetcatalog; path = Assets.xcassets; sourceTree = "<group>"; };
		2BD60E4E298603E400349CB8 /* Preview Assets.xcassets */ = {isa = PBXFileReference; lastKnownFileType = folder.assetcatalog; path = "Preview Assets.xcassets"; sourceTree = "<group>"; };
		2BD60E54298603E400349CB8 /* HHS MAD 2023Tests.xctest */ = {isa = PBXFileReference; explicitFileType = wrapper.cfbundle; includeInIndex = 0; path = "HHS MAD 2023Tests.xctest"; sourceTree = BUILT_PRODUCTS_DIR; };
		2BD60E58298603E400349CB8 /* HHS_MAD_2023Tests.swift */ = {isa = PBXFileReference; lastKnownFileType = sourcecode.swift; path = HHS_MAD_2023Tests.swift; sourceTree = "<group>"; };
		2BD60E5E298603E400349CB8 /* HHS MAD 2023UITests.xctest */ = {isa = PBXFileReference; explicitFileType = wrapper.cfbundle; includeInIndex = 0; path = "HHS MAD 2023UITests.xctest"; sourceTree = BUILT_PRODUCTS_DIR; };
		2BD60E62298603E400349CB8 /* HHS_MAD_2023UITests.swift */ = {isa = PBXFileReference; lastKnownFileType = sourcecode.swift; path = HHS_MAD_2023UITests.swift; sourceTree = "<group>"; };
		2BD60E64298603E400349CB8 /* HHS_MAD_2023UITestsLaunchTests.swift */ = {isa = PBXFileReference; lastKnownFileType = sourcecode.swift; path = HHS_MAD_2023UITestsLaunchTests.swift; sourceTree = "<group>"; };
		2BD9618D29BD1168009C6AE0 /* ActivitesPage.swift */ = {isa = PBXFileReference; lastKnownFileType = sourcecode.swift; path = ActivitesPage.swift; sourceTree = "<group>"; };
		2BD9618F29BD2221009C6AE0 /* MessagePage.swift */ = {isa = PBXFileReference; lastKnownFileType = sourcecode.swift; path = MessagePage.swift; sourceTree = "<group>"; };
		2BD9619C29BD5DBC009C6AE0 /* Messages.swift */ = {isa = PBXFileReference; lastKnownFileType = sourcecode.swift; path = Messages.swift; sourceTree = "<group>"; };
		2BD961A029BFBD07009C6AE0 /* CalendarPage.swift */ = {isa = PBXFileReference; lastKnownFileType = sourcecode.swift; path = CalendarPage.swift; sourceTree = "<group>"; };
		390AD9242A43718A003C2A35 /* MessageBubble .swift */ = {isa = PBXFileReference; lastKnownFileType = sourcecode.swift; path = "MessageBubble .swift"; sourceTree = "<group>"; };
		390AD9252A43718B003C2A35 /* Extensions.swift */ = {isa = PBXFileReference; lastKnownFileType = sourcecode.swift; path = Extensions.swift; sourceTree = "<group>"; };
		390AD9262A43718B003C2A35 /* Message.swift */ = {isa = PBXFileReference; lastKnownFileType = sourcecode.swift; path = Message.swift; sourceTree = "<group>"; };
		390AD9272A43718B003C2A35 /* MessageField.swift */ = {isa = PBXFileReference; lastKnownFileType = sourcecode.swift; path = MessageField.swift; sourceTree = "<group>"; };
		390AD92E2A437227003C2A35 /* TitleRow.swift */ = {isa = PBXFileReference; lastKnownFileType = sourcecode.swift; path = TitleRow.swift; sourceTree = "<group>"; };
		390AD9302A4384BB003C2A35 /* GoogleService-Info.plist */ = {isa = PBXFileReference; fileEncoding = 4; lastKnownFileType = text.plist.xml; name = "GoogleService-Info.plist"; path = "../../../Downloads/GoogleService-Info.plist"; sourceTree = "<group>"; };
		A6D2235429ADC8C200B4B953 /* EventPage.swift */ = {isa = PBXFileReference; lastKnownFileType = sourcecode.swift; path = EventPage.swift; sourceTree = "<group>"; };
		A6E5E04629A7FB7F00B3E026 /* Day.swift */ = {isa = PBXFileReference; lastKnownFileType = sourcecode.swift; path = Day.swift; sourceTree = "<group>"; };
		BD141D9429BFA9E800885DD0 /* PhotoSharing.swift */ = {isa = PBXFileReference; lastKnownFileType = sourcecode.swift; path = PhotoSharing.swift; sourceTree = "<group>"; };
		BD434E5B29BE5867007F74EF /* Academics.swift */ = {isa = PBXFileReference; lastKnownFileType = sourcecode.swift; path = Academics.swift; sourceTree = "<group>"; };
		BDC1606F29FA15CD00AF6981 /* Activities.swift */ = {isa = PBXFileReference; fileEncoding = 4; lastKnownFileType = sourcecode.swift; path = Activities.swift; sourceTree = "<group>"; };
/* End PBXFileReference section */

/* Begin PBXFrameworksBuildPhase section */
		2BD60E41298603E200349CB8 /* Frameworks */ = {
			isa = PBXFrameworksBuildPhase;
			buildActionMask = 2147483647;
			files = (
				A6B08EDD29EF9A55006D3A63 /* FirebaseAnalytics in Frameworks */,
			);
			runOnlyForDeploymentPostprocessing = 0;
		};
		2BD60E51298603E400349CB8 /* Frameworks */ = {
			isa = PBXFrameworksBuildPhase;
			buildActionMask = 2147483647;
			files = (
			);
			runOnlyForDeploymentPostprocessing = 0;
		};
		2BD60E5B298603E400349CB8 /* Frameworks */ = {
			isa = PBXFrameworksBuildPhase;
			buildActionMask = 2147483647;
			files = (
			);
			runOnlyForDeploymentPostprocessing = 0;
		};
/* End PBXFrameworksBuildPhase section */

/* Begin PBXGroup section */
		2BD60E3B298603E200349CB8 = {
			isa = PBXGroup;
			children = (
				2BD60E46298603E200349CB8 /* HHS MAD 2023 */,
				2BD60E57298603E400349CB8 /* HHS MAD 2023Tests */,
				2BD60E61298603E400349CB8 /* HHS MAD 2023UITests */,
				2BD60E45298603E200349CB8 /* Products */,
			);
			sourceTree = "<group>";
		};
		2BD60E45298603E200349CB8 /* Products */ = {
			isa = PBXGroup;
			children = (
				2BD60E44298603E200349CB8 /* HHS MAD 2023.app */,
				2BD60E54298603E400349CB8 /* HHS MAD 2023Tests.xctest */,
				2BD60E5E298603E400349CB8 /* HHS MAD 2023UITests.xctest */,
			);
			name = Products;
			sourceTree = "<group>";
		};
		2BD60E46298603E200349CB8 /* HHS MAD 2023 */ = {
			isa = PBXGroup;
			children = (
				390AD9302A4384BB003C2A35 /* GoogleService-Info.plist */,
				2BD60E47298603E200349CB8 /* HHS_MAD_2023App.swift */,
				2BD60E49298603E200349CB8 /* ContentView.swift */,
				2B82C67929FBA4D60032E23B /* ViewController.swift */,
				2BD60E4B298603E400349CB8 /* Assets.xcassets */,
				2BD60E4D298603E400349CB8 /* Preview Content */,
			);
			path = "HHS MAD 2023";
			sourceTree = "<group>";
		};
		2BD60E4D298603E400349CB8 /* Preview Content */ = {
			isa = PBXGroup;
			children = (
				390AD9252A43718B003C2A35 /* Extensions.swift */,
				390AD9262A43718B003C2A35 /* Message.swift */,
				390AD9242A43718A003C2A35 /* MessageBubble .swift */,
				390AD9272A43718B003C2A35 /* MessageField.swift */,
				BDC1606F29FA15CD00AF6981 /* Activities.swift */,
				2BD60E4E298603E400349CB8 /* Preview Assets.xcassets */,
				2B80F5772993666000B7E671 /* HomeScreen.swift */,
				A6E5E04629A7FB7F00B3E026 /* Day.swift */,
				A6D2235429ADC8C200B4B953 /* EventPage.swift */,
				2B382F0F29AEE55A001430D0 /* Upcoming Events.swift */,
				2BD9618D29BD1168009C6AE0 /* ActivitesPage.swift */,
				2BD9618F29BD2221009C6AE0 /* MessagePage.swift */,
				2BD9619C29BD5DBC009C6AE0 /* Messages.swift */,
				BD434E5B29BE5867007F74EF /* Academics.swift */,
				BD141D9429BFA9E800885DD0 /* PhotoSharing.swift */,
				2BD961A029BFBD07009C6AE0 /* CalendarPage.swift */,
				390AD92E2A437227003C2A35 /* TitleRow.swift */,
			);
			path = "Preview Content";
			sourceTree = "<group>";
		};
		2BD60E57298603E400349CB8 /* HHS MAD 2023Tests */ = {
			isa = PBXGroup;
			children = (
				2BD60E58298603E400349CB8 /* HHS_MAD_2023Tests.swift */,
			);
			path = "HHS MAD 2023Tests";
			sourceTree = "<group>";
		};
		2BD60E61298603E400349CB8 /* HHS MAD 2023UITests */ = {
			isa = PBXGroup;
			children = (
				2BD60E62298603E400349CB8 /* HHS_MAD_2023UITests.swift */,
				2BD60E64298603E400349CB8 /* HHS_MAD_2023UITestsLaunchTests.swift */,
			);
			path = "HHS MAD 2023UITests";
			sourceTree = "<group>";
		};
/* End PBXGroup section */

/* Begin PBXNativeTarget section */
		2BD60E43298603E200349CB8 /* HHS MAD 2023 */ = {
			isa = PBXNativeTarget;
			buildConfigurationList = 2BD60E68298603E400349CB8 /* Build configuration list for PBXNativeTarget "HHS MAD 2023" */;
			buildPhases = (
				2BD60E40298603E200349CB8 /* Sources */,
				2BD60E41298603E200349CB8 /* Frameworks */,
				2BD60E42298603E200349CB8 /* Resources */,
			);
			buildRules = (
			);
			dependencies = (
			);
			name = "HHS MAD 2023";
			packageProductDependencies = (
				A6B08EDC29EF9A55006D3A63 /* FirebaseAnalytics */,
			);
			productName = "HHS MAD 2023";
			productReference = 2BD60E44298603E200349CB8 /* HHS MAD 2023.app */;
			productType = "com.apple.product-type.application";
		};
		2BD60E53298603E400349CB8 /* HHS MAD 2023Tests */ = {
			isa = PBXNativeTarget;
			buildConfigurationList = 2BD60E6B298603E400349CB8 /* Build configuration list for PBXNativeTarget "HHS MAD 2023Tests" */;
			buildPhases = (
				2BD60E50298603E400349CB8 /* Sources */,
				2BD60E51298603E400349CB8 /* Frameworks */,
				2BD60E52298603E400349CB8 /* Resources */,
			);
			buildRules = (
			);
			dependencies = (
				2BD60E56298603E400349CB8 /* PBXTargetDependency */,
			);
			name = "HHS MAD 2023Tests";
			productName = "HHS MAD 2023Tests";
			productReference = 2BD60E54298603E400349CB8 /* HHS MAD 2023Tests.xctest */;
			productType = "com.apple.product-type.bundle.unit-test";
		};
		2BD60E5D298603E400349CB8 /* HHS MAD 2023UITests */ = {
			isa = PBXNativeTarget;
			buildConfigurationList = 2BD60E6E298603E400349CB8 /* Build configuration list for PBXNativeTarget "HHS MAD 2023UITests" */;
			buildPhases = (
				2BD60E5A298603E400349CB8 /* Sources */,
				2BD60E5B298603E400349CB8 /* Frameworks */,
				2BD60E5C298603E400349CB8 /* Resources */,
			);
			buildRules = (
			);
			dependencies = (
				2BD60E60298603E400349CB8 /* PBXTargetDependency */,
			);
			name = "HHS MAD 2023UITests";
			productName = "HHS MAD 2023UITests";
			productReference = 2BD60E5E298603E400349CB8 /* HHS MAD 2023UITests.xctest */;
			productType = "com.apple.product-type.bundle.ui-testing";
		};
/* End PBXNativeTarget section */

/* Begin PBXProject section */
		2BD60E3C298603E200349CB8 /* Project object */ = {
			isa = PBXProject;
			attributes = {
				BuildIndependentTargetsInParallel = 1;
				LastSwiftUpdateCheck = 1420;
				LastUpgradeCheck = 1420;
				TargetAttributes = {
					2BD60E43298603E200349CB8 = {
						CreatedOnToolsVersion = 14.2;
					};
					2BD60E53298603E400349CB8 = {
						CreatedOnToolsVersion = 14.2;
						TestTargetID = 2BD60E43298603E200349CB8;
					};
					2BD60E5D298603E400349CB8 = {
						CreatedOnToolsVersion = 14.2;
						TestTargetID = 2BD60E43298603E200349CB8;
					};
				};
			};
			buildConfigurationList = 2BD60E3F298603E200349CB8 /* Build configuration list for PBXProject "HHS MAD 2023" */;
			compatibilityVersion = "Xcode 14.0";
			developmentRegion = en;
			hasScannedForEncodings = 0;
			knownRegions = (
				en,
				Base,
			);
			mainGroup = 2BD60E3B298603E200349CB8;
			packageReferences = (
				A6B08EDB29EF9A55006D3A63 /* XCRemoteSwiftPackageReference "firebase-ios-sdk" */,
			);
			productRefGroup = 2BD60E45298603E200349CB8 /* Products */;
			projectDirPath = "";
			projectRoot = "";
			targets = (
				2BD60E43298603E200349CB8 /* HHS MAD 2023 */,
				2BD60E53298603E400349CB8 /* HHS MAD 2023Tests */,
				2BD60E5D298603E400349CB8 /* HHS MAD 2023UITests */,
			);
		};
/* End PBXProject section */

/* Begin PBXResourcesBuildPhase section */
		2BD60E42298603E200349CB8 /* Resources */ = {
			isa = PBXResourcesBuildPhase;
			buildActionMask = 2147483647;
			files = (
				2BD60E4F298603E400349CB8 /* Preview Assets.xcassets in Resources */,
				2BD60E4C298603E400349CB8 /* Assets.xcassets in Resources */,
				390AD9312A4384BB003C2A35 /* GoogleService-Info.plist in Resources */,
			);
			runOnlyForDeploymentPostprocessing = 0;
		};
		2BD60E52298603E400349CB8 /* Resources */ = {
			isa = PBXResourcesBuildPhase;
			buildActionMask = 2147483647;
			files = (
			);
			runOnlyForDeploymentPostprocessing = 0;
		};
		2BD60E5C298603E400349CB8 /* Resources */ = {
			isa = PBXResourcesBuildPhase;
			buildActionMask = 2147483647;
			files = (
			);
			runOnlyForDeploymentPostprocessing = 0;
		};
/* End PBXResourcesBuildPhase section */

/* Begin PBXSourcesBuildPhase section */
		2BD60E40298603E200349CB8 /* Sources */ = {
			isa = PBXSourcesBuildPhase;
			buildActionMask = 2147483647;
			files = (
				390AD92A2A43718B003C2A35 /* MessageField.swift in Sources */,
				390AD92F2A437227003C2A35 /* TitleRow.swift in Sources */,
				2BD961A129BFBD07009C6AE0 /* CalendarPage.swift in Sources */,
				390AD92B2A43718B003C2A35 /* MessageBubble .swift in Sources */,
				2BD60E4A298603E200349CB8 /* ContentView.swift in Sources */,
				2BD9619D29BD5DBC009C6AE0 /* Messages.swift in Sources */,
				2BD60E48298603E200349CB8 /* HHS_MAD_2023App.swift in Sources */,
				A6E5E04729A7FB7F00B3E026 /* Day.swift in Sources */,
				BD434E5C29BE5867007F74EF /* Academics.swift in Sources */,
				2B80F5782993666000B7E671 /* HomeScreen.swift in Sources */,
				2BD9619029BD2221009C6AE0 /* MessagePage.swift in Sources */,
				A6D2235529ADC8C200B4B953 /* EventPage.swift in Sources */,
				2BD9618E29BD1168009C6AE0 /* ActivitesPage.swift in Sources */,
				390AD9282A43718B003C2A35 /* Extensions.swift in Sources */,
				2B82C67A29FBA4D60032E23B /* ViewController.swift in Sources */,
				BD141D9529BFA9E800885DD0 /* PhotoSharing.swift in Sources */,
				390AD9292A43718B003C2A35 /* Message.swift in Sources */,
				BDC1607029FA15CD00AF6981 /* Activities.swift in Sources */,
				2B382F1029AEE55A001430D0 /* Upcoming Events.swift in Sources */,
			);
			runOnlyForDeploymentPostprocessing = 0;
		};
		2BD60E50298603E400349CB8 /* Sources */ = {
			isa = PBXSourcesBuildPhase;
			buildActionMask = 2147483647;
			files = (
				2BD60E59298603E400349CB8 /* HHS_MAD_2023Tests.swift in Sources */,
			);
			runOnlyForDeploymentPostprocessing = 0;
		};
		2BD60E5A298603E400349CB8 /* Sources */ = {
			isa = PBXSourcesBuildPhase;
			buildActionMask = 2147483647;
			files = (
				2BD60E65298603E400349CB8 /* HHS_MAD_2023UITestsLaunchTests.swift in Sources */,
				2BD60E63298603E400349CB8 /* HHS_MAD_2023UITests.swift in Sources */,
			);
			runOnlyForDeploymentPostprocessing = 0;
		};
/* End PBXSourcesBuildPhase section */

/* Begin PBXTargetDependency section */
		2BD60E56298603E400349CB8 /* PBXTargetDependency */ = {
			isa = PBXTargetDependency;
			target = 2BD60E43298603E200349CB8 /* HHS MAD 2023 */;
			targetProxy = 2BD60E55298603E400349CB8 /* PBXContainerItemProxy */;
		};
		2BD60E60298603E400349CB8 /* PBXTargetDependency */ = {
			isa = PBXTargetDependency;
			target = 2BD60E43298603E200349CB8 /* HHS MAD 2023 */;
			targetProxy = 2BD60E5F298603E400349CB8 /* PBXContainerItemProxy */;
		};
/* End PBXTargetDependency section */

/* Begin XCBuildConfiguration section */
		2BD60E66298603E400349CB8 /* Debug */ = {
			isa = XCBuildConfiguration;
			buildSettings = {
				ALWAYS_SEARCH_USER_PATHS = NO;
				CLANG_ANALYZER_NONNULL = YES;
				CLANG_ANALYZER_NUMBER_OBJECT_CONVERSION = YES_AGGRESSIVE;
				CLANG_CXX_LANGUAGE_STANDARD = "gnu++20";
				CLANG_ENABLE_MODULES = YES;
				CLANG_ENABLE_OBJC_ARC = YES;
				CLANG_ENABLE_OBJC_WEAK = YES;
				CLANG_WARN_BLOCK_CAPTURE_AUTORELEASING = YES;
				CLANG_WARN_BOOL_CONVERSION = YES;
				CLANG_WARN_COMMA = YES;
				CLANG_WARN_CONSTANT_CONVERSION = YES;
				CLANG_WARN_DEPRECATED_OBJC_IMPLEMENTATIONS = YES;
				CLANG_WARN_DIRECT_OBJC_ISA_USAGE = YES_ERROR;
				CLANG_WARN_DOCUMENTATION_COMMENTS = YES;
				CLANG_WARN_EMPTY_BODY = YES;
				CLANG_WARN_ENUM_CONVERSION = YES;
				CLANG_WARN_INFINITE_RECURSION = YES;
				CLANG_WARN_INT_CONVERSION = YES;
				CLANG_WARN_NON_LITERAL_NULL_CONVERSION = YES;
				CLANG_WARN_OBJC_IMPLICIT_RETAIN_SELF = YES;
				CLANG_WARN_OBJC_LITERAL_CONVERSION = YES;
				CLANG_WARN_OBJC_ROOT_CLASS = YES_ERROR;
				CLANG_WARN_QUOTED_INCLUDE_IN_FRAMEWORK_HEADER = YES;
				CLANG_WARN_RANGE_LOOP_ANALYSIS = YES;
				CLANG_WARN_STRICT_PROTOTYPES = YES;
				CLANG_WARN_SUSPICIOUS_MOVE = YES;
				CLANG_WARN_UNGUARDED_AVAILABILITY = YES_AGGRESSIVE;
				CLANG_WARN_UNREACHABLE_CODE = YES;
				CLANG_WARN__DUPLICATE_METHOD_MATCH = YES;
				COPY_PHASE_STRIP = NO;
				DEBUG_INFORMATION_FORMAT = dwarf;
				ENABLE_STRICT_OBJC_MSGSEND = YES;
				ENABLE_TESTABILITY = YES;
				GCC_C_LANGUAGE_STANDARD = gnu11;
				GCC_DYNAMIC_NO_PIC = NO;
				GCC_NO_COMMON_BLOCKS = YES;
				GCC_OPTIMIZATION_LEVEL = 0;
				GCC_PREPROCESSOR_DEFINITIONS = (
					"DEBUG=1",
					"$(inherited)",
				);
				GCC_WARN_64_TO_32_BIT_CONVERSION = YES;
				GCC_WARN_ABOUT_RETURN_TYPE = YES_ERROR;
				GCC_WARN_UNDECLARED_SELECTOR = YES;
				GCC_WARN_UNINITIALIZED_AUTOS = YES_AGGRESSIVE;
				GCC_WARN_UNUSED_FUNCTION = YES;
				GCC_WARN_UNUSED_VARIABLE = YES;
				IPHONEOS_DEPLOYMENT_TARGET = 16.2;
				MTL_ENABLE_DEBUG_INFO = INCLUDE_SOURCE;
				MTL_FAST_MATH = YES;
				ONLY_ACTIVE_ARCH = YES;
				SDKROOT = iphoneos;
				SWIFT_ACTIVE_COMPILATION_CONDITIONS = DEBUG;
				SWIFT_OPTIMIZATION_LEVEL = "-Onone";
			};
			name = Debug;
		};
		2BD60E67298603E400349CB8 /* Release */ = {
			isa = XCBuildConfiguration;
			buildSettings = {
				ALWAYS_SEARCH_USER_PATHS = NO;
				CLANG_ANALYZER_NONNULL = YES;
				CLANG_ANALYZER_NUMBER_OBJECT_CONVERSION = YES_AGGRESSIVE;
				CLANG_CXX_LANGUAGE_STANDARD = "gnu++20";
				CLANG_ENABLE_MODULES = YES;
				CLANG_ENABLE_OBJC_ARC = YES;
				CLANG_ENABLE_OBJC_WEAK = YES;
				CLANG_WARN_BLOCK_CAPTURE_AUTORELEASING = YES;
				CLANG_WARN_BOOL_CONVERSION = YES;
				CLANG_WARN_COMMA = YES;
				CLANG_WARN_CONSTANT_CONVERSION = YES;
				CLANG_WARN_DEPRECATED_OBJC_IMPLEMENTATIONS = YES;
				CLANG_WARN_DIRECT_OBJC_ISA_USAGE = YES_ERROR;
				CLANG_WARN_DOCUMENTATION_COMMENTS = YES;
				CLANG_WARN_EMPTY_BODY = YES;
				CLANG_WARN_ENUM_CONVERSION = YES;
				CLANG_WARN_INFINITE_RECURSION = YES;
				CLANG_WARN_INT_CONVERSION = YES;
				CLANG_WARN_NON_LITERAL_NULL_CONVERSION = YES;
				CLANG_WARN_OBJC_IMPLICIT_RETAIN_SELF = YES;
				CLANG_WARN_OBJC_LITERAL_CONVERSION = YES;
				CLANG_WARN_OBJC_ROOT_CLASS = YES_ERROR;
				CLANG_WARN_QUOTED_INCLUDE_IN_FRAMEWORK_HEADER = YES;
				CLANG_WARN_RANGE_LOOP_ANALYSIS = YES;
				CLANG_WARN_STRICT_PROTOTYPES = YES;
				CLANG_WARN_SUSPICIOUS_MOVE = YES;
				CLANG_WARN_UNGUARDED_AVAILABILITY = YES_AGGRESSIVE;
				CLANG_WARN_UNREACHABLE_CODE = YES;
				CLANG_WARN__DUPLICATE_METHOD_MATCH = YES;
				COPY_PHASE_STRIP = NO;
				DEBUG_INFORMATION_FORMAT = "dwarf-with-dsym";
				ENABLE_NS_ASSERTIONS = NO;
				ENABLE_STRICT_OBJC_MSGSEND = YES;
				GCC_C_LANGUAGE_STANDARD = gnu11;
				GCC_NO_COMMON_BLOCKS = YES;
				GCC_WARN_64_TO_32_BIT_CONVERSION = YES;
				GCC_WARN_ABOUT_RETURN_TYPE = YES_ERROR;
				GCC_WARN_UNDECLARED_SELECTOR = YES;
				GCC_WARN_UNINITIALIZED_AUTOS = YES_AGGRESSIVE;
				GCC_WARN_UNUSED_FUNCTION = YES;
				GCC_WARN_UNUSED_VARIABLE = YES;
				IPHONEOS_DEPLOYMENT_TARGET = 16.2;
				MTL_ENABLE_DEBUG_INFO = NO;
				MTL_FAST_MATH = YES;
				SDKROOT = iphoneos;
				SWIFT_COMPILATION_MODE = wholemodule;
				SWIFT_OPTIMIZATION_LEVEL = "-O";
				VALIDATE_PRODUCT = YES;
			};
			name = Release;
		};
		2BD60E69298603E400349CB8 /* Debug */ = {
			isa = XCBuildConfiguration;
			buildSettings = {
				ASSETCATALOG_COMPILER_APPICON_NAME = AppIcon;
				ASSETCATALOG_COMPILER_GLOBAL_ACCENT_COLOR_NAME = AccentColor;
				CODE_SIGN_STYLE = Automatic;
				CURRENT_PROJECT_VERSION = 1;
				DEVELOPMENT_ASSET_PATHS = "\"HHS MAD 2023/Preview Content\"";
				DEVELOPMENT_TEAM = VX94UJV87E;
				ENABLE_PREVIEWS = YES;
				GENERATE_INFOPLIST_FILE = YES;
				INFOPLIST_KEY_UIApplicationSceneManifest_Generation = YES;
				INFOPLIST_KEY_UIApplicationSupportsIndirectInputEvents = YES;
				INFOPLIST_KEY_UILaunchScreen_Generation = YES;
				INFOPLIST_KEY_UISupportedInterfaceOrientations = "UIInterfaceOrientationLandscapeLeft UIInterfaceOrientationLandscapeRight UIInterfaceOrientationPortrait UIInterfaceOrientationPortraitUpsideDown";
				LD_RUNPATH_SEARCH_PATHS = (
					"$(inherited)",
					"@executable_path/Frameworks",
				);
				MARKETING_VERSION = 1.0;
				PRODUCT_BUNDLE_IDENTIFIER = "Julian-NTH.HHS-MAD-2023";
				PRODUCT_NAME = "$(TARGET_NAME)";
				SWIFT_EMIT_LOC_STRINGS = YES;
				SWIFT_VERSION = 5.0;
				TARGETED_DEVICE_FAMILY = "1,2";
			};
			name = Debug;
		};
		2BD60E6A298603E400349CB8 /* Release */ = {
			isa = XCBuildConfiguration;
			buildSettings = {
				ASSETCATALOG_COMPILER_APPICON_NAME = AppIcon;
				ASSETCATALOG_COMPILER_GLOBAL_ACCENT_COLOR_NAME = AccentColor;
				CODE_SIGN_STYLE = Automatic;
				CURRENT_PROJECT_VERSION = 1;
				DEVELOPMENT_ASSET_PATHS = "\"HHS MAD 2023/Preview Content\"";
				DEVELOPMENT_TEAM = VX94UJV87E;
				ENABLE_PREVIEWS = YES;
				GENERATE_INFOPLIST_FILE = YES;
				INFOPLIST_KEY_UIApplicationSceneManifest_Generation = YES;
				INFOPLIST_KEY_UIApplicationSupportsIndirectInputEvents = YES;
				INFOPLIST_KEY_UILaunchScreen_Generation = YES;
				INFOPLIST_KEY_UISupportedInterfaceOrientations = "UIInterfaceOrientationLandscapeLeft UIInterfaceOrientationLandscapeRight UIInterfaceOrientationPortrait UIInterfaceOrientationPortraitUpsideDown";
				LD_RUNPATH_SEARCH_PATHS = (
					"$(inherited)",
					"@executable_path/Frameworks",
				);
				MARKETING_VERSION = 1.0;
				PRODUCT_BUNDLE_IDENTIFIER = "Julian-NTH.HHS-MAD-2023";
				PRODUCT_NAME = "$(TARGET_NAME)";
				SWIFT_EMIT_LOC_STRINGS = YES;
				SWIFT_VERSION = 5.0;
				TARGETED_DEVICE_FAMILY = "1,2";
			};
			name = Release;
		};
		2BD60E6C298603E400349CB8 /* Debug */ = {
			isa = XCBuildConfiguration;
			buildSettings = {
				ALWAYS_EMBED_SWIFT_STANDARD_LIBRARIES = YES;
				BUNDLE_LOADER = "$(TEST_HOST)";
				CODE_SIGN_STYLE = Automatic;
				CURRENT_PROJECT_VERSION = 1;
				DEVELOPMENT_TEAM = VX94UJV87E;
				GENERATE_INFOPLIST_FILE = YES;
				IPHONEOS_DEPLOYMENT_TARGET = 16.2;
				MARKETING_VERSION = 1.0;
				PRODUCT_BUNDLE_IDENTIFIER = "Julian-NTH.HHS-MAD-2023Tests";
				PRODUCT_NAME = "$(TARGET_NAME)";
				SWIFT_EMIT_LOC_STRINGS = NO;
				SWIFT_VERSION = 5.0;
				TARGETED_DEVICE_FAMILY = "1,2";
				TEST_HOST = "$(BUILT_PRODUCTS_DIR)/HHS MAD 2023.app/$(BUNDLE_EXECUTABLE_FOLDER_PATH)/HHS MAD 2023";
			};
			name = Debug;
		};
		2BD60E6D298603E400349CB8 /* Release */ = {
			isa = XCBuildConfiguration;
			buildSettings = {
				ALWAYS_EMBED_SWIFT_STANDARD_LIBRARIES = YES;
				BUNDLE_LOADER = "$(TEST_HOST)";
				CODE_SIGN_STYLE = Automatic;
				CURRENT_PROJECT_VERSION = 1;
				DEVELOPMENT_TEAM = VX94UJV87E;
				GENERATE_INFOPLIST_FILE = YES;
				IPHONEOS_DEPLOYMENT_TARGET = 16.2;
				MARKETING_VERSION = 1.0;
				PRODUCT_BUNDLE_IDENTIFIER = "Julian-NTH.HHS-MAD-2023Tests";
				PRODUCT_NAME = "$(TARGET_NAME)";
				SWIFT_EMIT_LOC_STRINGS = NO;
				SWIFT_VERSION = 5.0;
				TARGETED_DEVICE_FAMILY = "1,2";
				TEST_HOST = "$(BUILT_PRODUCTS_DIR)/HHS MAD 2023.app/$(BUNDLE_EXECUTABLE_FOLDER_PATH)/HHS MAD 2023";
			};
			name = Release;
		};
		2BD60E6F298603E400349CB8 /* Debug */ = {
			isa = XCBuildConfiguration;
			buildSettings = {
				ALWAYS_EMBED_SWIFT_STANDARD_LIBRARIES = YES;
				CODE_SIGN_STYLE = Automatic;
				CURRENT_PROJECT_VERSION = 1;
				DEVELOPMENT_TEAM = VX94UJV87E;
				GENERATE_INFOPLIST_FILE = YES;
				MARKETING_VERSION = 1.0;
				PRODUCT_BUNDLE_IDENTIFIER = "Julian-NTH.HHS-MAD-2023UITests";
				PRODUCT_NAME = "$(TARGET_NAME)";
				SWIFT_EMIT_LOC_STRINGS = NO;
				SWIFT_VERSION = 5.0;
				TARGETED_DEVICE_FAMILY = "1,2";
				TEST_TARGET_NAME = "HHS MAD 2023";
			};
			name = Debug;
		};
		2BD60E70298603E400349CB8 /* Release */ = {
			isa = XCBuildConfiguration;
			buildSettings = {
				ALWAYS_EMBED_SWIFT_STANDARD_LIBRARIES = YES;
				CODE_SIGN_STYLE = Automatic;
				CURRENT_PROJECT_VERSION = 1;
				DEVELOPMENT_TEAM = VX94UJV87E;
				GENERATE_INFOPLIST_FILE = YES;
				MARKETING_VERSION = 1.0;
				PRODUCT_BUNDLE_IDENTIFIER = "Julian-NTH.HHS-MAD-2023UITests";
				PRODUCT_NAME = "$(TARGET_NAME)";
				SWIFT_EMIT_LOC_STRINGS = NO;
				SWIFT_VERSION = 5.0;
				TARGETED_DEVICE_FAMILY = "1,2";
				TEST_TARGET_NAME = "HHS MAD 2023";
			};
			name = Release;
		};
/* End XCBuildConfiguration section */

/* Begin XCConfigurationList section */
		2BD60E3F298603E200349CB8 /* Build configuration list for PBXProject "HHS MAD 2023" */ = {
			isa = XCConfigurationList;
			buildConfigurations = (
				2BD60E66298603E400349CB8 /* Debug */,
				2BD60E67298603E400349CB8 /* Release */,
			);
			defaultConfigurationIsVisible = 0;
			defaultConfigurationName = Release;
		};
		2BD60E68298603E400349CB8 /* Build configuration list for PBXNativeTarget "HHS MAD 2023" */ = {
			isa = XCConfigurationList;
			buildConfigurations = (
				2BD60E69298603E400349CB8 /* Debug */,
				2BD60E6A298603E400349CB8 /* Release */,
			);
			defaultConfigurationIsVisible = 0;
			defaultConfigurationName = Release;
		};
		2BD60E6B298603E400349CB8 /* Build configuration list for PBXNativeTarget "HHS MAD 2023Tests" */ = {
			isa = XCConfigurationList;
			buildConfigurations = (
				2BD60E6C298603E400349CB8 /* Debug */,
				2BD60E6D298603E400349CB8 /* Release */,
			);
			defaultConfigurationIsVisible = 0;
			defaultConfigurationName = Release;
		};
		2BD60E6E298603E400349CB8 /* Build configuration list for PBXNativeTarget "HHS MAD 2023UITests" */ = {
			isa = XCConfigurationList;
			buildConfigurations = (
				2BD60E6F298603E400349CB8 /* Debug */,
				2BD60E70298603E400349CB8 /* Release */,
			);
			defaultConfigurationIsVisible = 0;
			defaultConfigurationName = Release;
		};
/* End XCConfigurationList section */

/* Begin XCRemoteSwiftPackageReference section */
		A6B08EDB29EF9A55006D3A63 /* XCRemoteSwiftPackageReference "firebase-ios-sdk" */ = {
			isa = XCRemoteSwiftPackageReference;
			repositoryURL = "https://github.com/firebase/firebase-ios-sdk";
			requirement = {
				kind = upToNextMajorVersion;
				minimumVersion = 9.0.0;
			};
		};
/* End XCRemoteSwiftPackageReference section */

/* Begin XCSwiftPackageProductDependency section */
		A6B08EDC29EF9A55006D3A63 /* FirebaseAnalytics */ = {
			isa = XCSwiftPackageProductDependency;
			package = A6B08EDB29EF9A55006D3A63 /* XCRemoteSwiftPackageReference "firebase-ios-sdk" */;
			productName = FirebaseAnalytics;
		};
/* End XCSwiftPackageProductDependency section */
	};
	rootObject = 2BD60E3C298603E200349CB8 /* Project object */;
}
